
Microsoft Visual Studio Solution File, Format Version 12.00
# Visual Studio 15
VisualStudioVersion = 15.0.27130.2026
MinimumVisualStudioVersion = 10.0.40219.1
Project("{9A19103F-16F7-4668-BE54-9A1E7A4F7556}") = "Tolley.Data", "src\Tolley.Data\Tolley.Data.csproj", "{807A7FE0-EC1C-447A-958D-10C1D1CE05F4}"
EndProject
Project("{2150E333-8FDC-42A3-9474-1A3956D46DE8}") = "Tests", "Tests", "{52112D42-636A-4796-ADF3-7CA3D8A969AA}"
EndProject
Project("{9A19103F-16F7-4668-BE54-9A1E7A4F7556}") = "Tolley.Data.Tests", "tests\Tolley.Data.Tests\Tolley.Data.Tests.csproj", "{218A8B7B-197D-4D9F-9FE2-0420A2BB4429}"
EndProject
Project("{FAE04EC0-301F-11D3-BF4B-00C04F79EFBC}") = "Tolley.Data.Sql", "src\Tolley.Data.Sql\Tolley.Data.Sql.csproj", "{7CCB23EA-CC0A-42EF-B800-782F92102D34}"
EndProject
Global
	GlobalSection(SolutionConfigurationPlatforms) = preSolution
		Debug|Any CPU = Debug|Any CPU
		Release|Any CPU = Release|Any CPU
	EndGlobalSection
	GlobalSection(ProjectConfigurationPlatforms) = postSolution
		{807A7FE0-EC1C-447A-958D-10C1D1CE05F4}.Debug|Any CPU.ActiveCfg = Debug|Any CPU
		{807A7FE0-EC1C-447A-958D-10C1D1CE05F4}.Debug|Any CPU.Build.0 = Debug|Any CPU
		{807A7FE0-EC1C-447A-958D-10C1D1CE05F4}.Release|Any CPU.ActiveCfg = Release|Any CPU
		{807A7FE0-EC1C-447A-958D-10C1D1CE05F4}.Release|Any CPU.Build.0 = Release|Any CPU
		{218A8B7B-197D-4D9F-9FE2-0420A2BB4429}.Debug|Any CPU.ActiveCfg = Debug|Any CPU
		{218A8B7B-197D-4D9F-9FE2-0420A2BB4429}.Debug|Any CPU.Build.0 = Debug|Any CPU
		{218A8B7B-197D-4D9F-9FE2-0420A2BB4429}.Release|Any CPU.ActiveCfg = Release|Any CPU
		{218A8B7B-197D-4D9F-9FE2-0420A2BB4429}.Release|Any CPU.Build.0 = Release|Any CPU
		{7CCB23EA-CC0A-42EF-B800-782F92102D34}.Debug|Any CPU.ActiveCfg = Debug|Any CPU
		{7CCB23EA-CC0A-42EF-B800-782F92102D34}.Debug|Any CPU.Build.0 = Debug|Any CPU
		{7CCB23EA-CC0A-42EF-B800-782F92102D34}.Release|Any CPU.ActiveCfg = Release|Any CPU
		{7CCB23EA-CC0A-42EF-B800-782F92102D34}.Release|Any CPU.Build.0 = Release|Any CPU
	EndGlobalSection
	GlobalSection(SolutionProperties) = preSolution
		HideSolutionNode = FALSE
	EndGlobalSection
	GlobalSection(NestedProjects) = preSolution
		{218A8B7B-197D-4D9F-9FE2-0420A2BB4429} = {52112D42-636A-4796-ADF3-7CA3D8A969AA}
	EndGlobalSection
	GlobalSection(ExtensibilityGlobals) = postSolution
		SolutionGuid = {45ADF26C-D7A0-4F9B-B028-F1741D9909A2}
	EndGlobalSection
EndGlobal
